
Microsoft Visual Studio Solution File, Format Version 12.00
# Visual Studio Version 16
VisualStudioVersion = 16.0.30626.31
MinimumVisualStudioVersion = 10.0.40219.1
Project("{FAE04EC0-301F-11D3-BF4B-00C04F79EFBC}") = "leave-manager", "leave-manager.csproj", "{42D089B6-EF17-4AB3-9AFC-FF0CA2C92E4B}"
EndProject
Global
	GlobalSection(SolutionConfigurationPlatforms) = preSolution
		Debug|Any CPU = Debug|Any CPU
		Release|Any CPU = Release|Any CPU
	EndGlobalSection
	GlobalSection(ProjectConfigurationPlatforms) = postSolution
		{42D089B6-EF17-4AB3-9AFC-FF0CA2C92E4B}.Debug|Any CPU.ActiveCfg = Debug|Any CPU
		{42D089B6-EF17-4AB3-9AFC-FF0CA2C92E4B}.Debug|Any CPU.Build.0 = Debug|Any CPU
		{42D089B6-EF17-4AB3-9AFC-FF0CA2C92E4B}.Release|Any CPU.ActiveCfg = Release|Any CPU
		{42D089B6-EF17-4AB3-9AFC-FF0CA2C92E4B}.Release|Any CPU.Build.0 = Release|Any CPU
	EndGlobalSection
	GlobalSection(SolutionProperties) = preSolution
		HideSolutionNode = FALSE
	EndGlobalSection
	GlobalSection(ExtensibilityGlobals) = postSolution
		SolutionGuid = {5367FFC8-186B-4160-8261-F8FE36A84047}
	EndGlobalSection
EndGlobal
